
Microsoft Visual Studio Solution File, Format Version 12.00
# Visual Studio Version 16
VisualStudioVersion = 16.0.30907.101
MinimumVisualStudioVersion = 10.0.40219.1
Project("{8BC9CEB8-8B4A-11D0-8D11-00A0C91BC942}") = "QtMyWindow", "QtMyWindow\QtMyWindow.vcxproj", "{A531ACD0-FD20-48A0-B48A-F7E6941A59E5}"
EndProject
Global
	GlobalSection(SolutionConfigurationPlatforms) = preSolution
		Debug|x64 = Debug|x64
		Release|x64 = Release|x64
	EndGlobalSection
	GlobalSection(ProjectConfigurationPlatforms) = postSolution
		{A531ACD0-FD20-48A0-B48A-F7E6941A59E5}.Debug|x64.ActiveCfg = Debug|x64
		{A531ACD0-FD20-48A0-B48A-F7E6941A59E5}.Debug|x64.Build.0 = Debug|x64
		{A531ACD0-FD20-48A0-B48A-F7E6941A59E5}.Release|x64.ActiveCfg = Release|x64
		{A531ACD0-FD20-48A0-B48A-F7E6941A59E5}.Release|x64.Build.0 = Release|x64
	EndGlobalSection
	GlobalSection(SolutionProperties) = preSolution
		HideSolutionNode = FALSE
	EndGlobalSection
	GlobalSection(ExtensibilityGlobals) = postSolution
		SolutionGuid = {1ED7D227-6245-4BA2-B442-23B2ABE4368E}
	EndGlobalSection
EndGlobal
