
Microsoft Visual Studio Solution File, Format Version 12.00
# Visual Studio Version 16
VisualStudioVersion = 16.0.30804.86
MinimumVisualStudioVersion = 10.0.40219.1
Project("{8BC9CEB8-8B4A-11D0-8D11-00A0C91BC942}") = "SumArrayObject", "SumArrayObject\SumArrayObject.vcxproj", "{BF334C00-C23E-4853-937D-3B6809EB751F}"
EndProject
Global
	GlobalSection(SolutionConfigurationPlatforms) = preSolution
		Debug|x64 = Debug|x64
		Debug|x86 = Debug|x86
		Release|x64 = Release|x64
		Release|x86 = Release|x86
	EndGlobalSection
	GlobalSection(ProjectConfigurationPlatforms) = postSolution
		{BF334C00-C23E-4853-937D-3B6809EB751F}.Debug|x64.ActiveCfg = Debug|x64
		{BF334C00-C23E-4853-937D-3B6809EB751F}.Debug|x64.Build.0 = Debug|x64
		{BF334C00-C23E-4853-937D-3B6809EB751F}.Debug|x86.ActiveCfg = Debug|Win32
		{BF334C00-C23E-4853-937D-3B6809EB751F}.Debug|x86.Build.0 = Debug|Win32
		{BF334C00-C23E-4853-937D-3B6809EB751F}.Release|x64.ActiveCfg = Release|x64
		{BF334C00-C23E-4853-937D-3B6809EB751F}.Release|x64.Build.0 = Release|x64
		{BF334C00-C23E-4853-937D-3B6809EB751F}.Release|x86.ActiveCfg = Release|Win32
		{BF334C00-C23E-4853-937D-3B6809EB751F}.Release|x86.Build.0 = Release|Win32
	EndGlobalSection
	GlobalSection(SolutionProperties) = preSolution
		HideSolutionNode = FALSE
	EndGlobalSection
	GlobalSection(ExtensibilityGlobals) = postSolution
		SolutionGuid = {163D6447-76B6-4F08-8519-D942E4E6551C}
	EndGlobalSection
EndGlobal
