
Microsoft Visual Studio Solution File, Format Version 12.00
# Visual Studio Version 16
VisualStudioVersion = 16.0.30717.126
MinimumVisualStudioVersion = 10.0.40219.1
Project("{8BC9CEB8-8B4A-11D0-8D11-00A0C91BC942}") = "ArrayData", "ArrayData\ArrayData.vcxproj", "{34D7A2C4-3CC9-4F0D-A29D-C017269F0769}"
EndProject
Global
	GlobalSection(SolutionConfigurationPlatforms) = preSolution
		Debug|x64 = Debug|x64
		Debug|x86 = Debug|x86
		Release|x64 = Release|x64
		Release|x86 = Release|x86
	EndGlobalSection
	GlobalSection(ProjectConfigurationPlatforms) = postSolution
		{34D7A2C4-3CC9-4F0D-A29D-C017269F0769}.Debug|x64.ActiveCfg = Debug|x64
		{34D7A2C4-3CC9-4F0D-A29D-C017269F0769}.Debug|x64.Build.0 = Debug|x64
		{34D7A2C4-3CC9-4F0D-A29D-C017269F0769}.Debug|x86.ActiveCfg = Debug|Win32
		{34D7A2C4-3CC9-4F0D-A29D-C017269F0769}.Debug|x86.Build.0 = Debug|Win32
		{34D7A2C4-3CC9-4F0D-A29D-C017269F0769}.Release|x64.ActiveCfg = Release|x64
		{34D7A2C4-3CC9-4F0D-A29D-C017269F0769}.Release|x64.Build.0 = Release|x64
		{34D7A2C4-3CC9-4F0D-A29D-C017269F0769}.Release|x86.ActiveCfg = Release|Win32
		{34D7A2C4-3CC9-4F0D-A29D-C017269F0769}.Release|x86.Build.0 = Release|Win32
	EndGlobalSection
	GlobalSection(SolutionProperties) = preSolution
		HideSolutionNode = FALSE
	EndGlobalSection
	GlobalSection(ExtensibilityGlobals) = postSolution
		SolutionGuid = {25CAB22B-0048-45B0-A113-1EAF1253B91D}
	EndGlobalSection
EndGlobal
