
Microsoft Visual Studio Solution File, Format Version 12.00
# Visual Studio Version 16
VisualStudioVersion = 16.0.30907.101
MinimumVisualStudioVersion = 10.0.40219.1
Project("{8BC9CEB8-8B4A-11D0-8D11-00A0C91BC942}") = "StackFun", "StackFun\StackFun.vcxproj", "{A3D1C6BC-3955-4AE2-8DF9-121EC8D15750}"
EndProject
Global
	GlobalSection(SolutionConfigurationPlatforms) = preSolution
		Debug|x64 = Debug|x64
		Debug|x86 = Debug|x86
		Release|x64 = Release|x64
		Release|x86 = Release|x86
	EndGlobalSection
	GlobalSection(ProjectConfigurationPlatforms) = postSolution
		{A3D1C6BC-3955-4AE2-8DF9-121EC8D15750}.Debug|x64.ActiveCfg = Debug|x64
		{A3D1C6BC-3955-4AE2-8DF9-121EC8D15750}.Debug|x64.Build.0 = Debug|x64
		{A3D1C6BC-3955-4AE2-8DF9-121EC8D15750}.Debug|x86.ActiveCfg = Debug|Win32
		{A3D1C6BC-3955-4AE2-8DF9-121EC8D15750}.Debug|x86.Build.0 = Debug|Win32
		{A3D1C6BC-3955-4AE2-8DF9-121EC8D15750}.Release|x64.ActiveCfg = Release|x64
		{A3D1C6BC-3955-4AE2-8DF9-121EC8D15750}.Release|x64.Build.0 = Release|x64
		{A3D1C6BC-3955-4AE2-8DF9-121EC8D15750}.Release|x86.ActiveCfg = Release|Win32
		{A3D1C6BC-3955-4AE2-8DF9-121EC8D15750}.Release|x86.Build.0 = Release|Win32
	EndGlobalSection
	GlobalSection(SolutionProperties) = preSolution
		HideSolutionNode = FALSE
	EndGlobalSection
	GlobalSection(ExtensibilityGlobals) = postSolution
		SolutionGuid = {835A659D-8DA4-40F7-A58F-5750B7598E1B}
	EndGlobalSection
EndGlobal
